// !$*UTF8*$!
{
	archiveVersion = 1;
	classes = {
	};
	objectVersion = 55;
	objects = {

/* Begin PBXBuildFile section */
		1FC6A1BBE384EE76BC182FDF /* Pods_spoonacular_ios.framework in Frameworks */ = {isa = PBXBuildFile; fileRef = E71FAC1806461F7ACD94F2ED /* Pods_spoonacular_ios.framework */; };
		65D314A41A2327FF026BBEF9 /* Pods_spoonacular_ios_spoonacular_iosUITests.framework in Frameworks */ = {isa = PBXBuildFile; fileRef = DC78E9F7CFCA319B54BE036A /* Pods_spoonacular_ios_spoonacular_iosUITests.framework */; };
		A89E9AFC29283A9C00139A97 /* HomeViewController.swift in Sources */ = {isa = PBXBuildFile; fileRef = A89E9AFB29283A9C00139A97 /* HomeViewController.swift */; };
		A89E9B0129283B6800139A97 /* Theme.swift in Sources */ = {isa = PBXBuildFile; fileRef = A89E9B0029283B6800139A97 /* Theme.swift */; };
		A89E9B0329283BDC00139A97 /* MainTabBarController.swift in Sources */ = {isa = PBXBuildFile; fileRef = A89E9B0229283BDC00139A97 /* MainTabBarController.swift */; };
		A89E9B0529283E0D00139A97 /* MyRecipesViewController.swift in Sources */ = {isa = PBXBuildFile; fileRef = A89E9B0429283E0D00139A97 /* MyRecipesViewController.swift */; };
		A89E9B082928408200139A97 /* UIViewController+Extensions.swift in Sources */ = {isa = PBXBuildFile; fileRef = A89E9B072928408200139A97 /* UIViewController+Extensions.swift */; };
		A89E9B0A2928411B00139A97 /* UIApplication+Extensions.swift in Sources */ = {isa = PBXBuildFile; fileRef = A89E9B092928411B00139A97 /* UIApplication+Extensions.swift */; };
		A89E9B102928442400139A97 /* RecipeItemTableViewCell.swift in Sources */ = {isa = PBXBuildFile; fileRef = A89E9B0F2928442400139A97 /* RecipeItemTableViewCell.swift */; };
		A89E9B12292845A400139A97 /* UITableView+Extensions.swift in Sources */ = {isa = PBXBuildFile; fileRef = A89E9B11292845A400139A97 /* UITableView+Extensions.swift */; };
		A89E9B142928462500139A97 /* UIView+Extensions.swift in Sources */ = {isa = PBXBuildFile; fileRef = A89E9B132928462500139A97 /* UIView+Extensions.swift */; };
		A89E9B262929071B00139A97 /* SourceSansPro-Regular.ttf in Resources */ = {isa = PBXBuildFile; fileRef = A89E9B1A2929071B00139A97 /* SourceSansPro-Regular.ttf */; };
		A89E9B272929071B00139A97 /* SourceSansPro-Bold.ttf in Resources */ = {isa = PBXBuildFile; fileRef = A89E9B1B2929071B00139A97 /* SourceSansPro-Bold.ttf */; };
		A89E9B2D2929071B00139A97 /* SourceSansPro-SemiBold.ttf in Resources */ = {isa = PBXBuildFile; fileRef = A89E9B212929071B00139A97 /* SourceSansPro-SemiBold.ttf */; };
		A89E9B2F2929071B00139A97 /* SourceSansPro-Italic.ttf in Resources */ = {isa = PBXBuildFile; fileRef = A89E9B232929071B00139A97 /* SourceSansPro-Italic.ttf */; };
		A89E9B312929081A00139A97 /* Typography.swift in Sources */ = {isa = PBXBuildFile; fileRef = A89E9B302929081A00139A97 /* Typography.swift */; };
		A89E9B332929095A00139A97 /* UIFont+Extensions.swift in Sources */ = {isa = PBXBuildFile; fileRef = A89E9B322929095A00139A97 /* UIFont+Extensions.swift */; };
		A89E9B3729290C9900139A97 /* UILabel+Extensions.swift in Sources */ = {isa = PBXBuildFile; fileRef = A89E9B3629290C9900139A97 /* UILabel+Extensions.swift */; };
		A89E9B3E29292E5200139A97 /* CardItem.swift in Sources */ = {isa = PBXBuildFile; fileRef = A89E9B3D29292E5200139A97 /* CardItem.swift */; };
		A89E9B4029292FDC00139A97 /* RecipesDataService.swift in Sources */ = {isa = PBXBuildFile; fileRef = A89E9B3F29292FDC00139A97 /* RecipesDataService.swift */; };
		A89E9B4229292FF000139A97 /* RecipesDataServiceType.swift in Sources */ = {isa = PBXBuildFile; fileRef = A89E9B4129292FF000139A97 /* RecipesDataServiceType.swift */; };
		A89E9B442929303300139A97 /* CommonTypes.swift in Sources */ = {isa = PBXBuildFile; fileRef = A89E9B432929303300139A97 /* CommonTypes.swift */; };
		A89E9B47292932E900139A97 /* RecipesPresenter.swift in Sources */ = {isa = PBXBuildFile; fileRef = A89E9B46292932E900139A97 /* RecipesPresenter.swift */; };
		A89E9B49292936C200139A97 /* BasicViewController.swift in Sources */ = {isa = PBXBuildFile; fileRef = A89E9B48292936C200139A97 /* BasicViewController.swift */; };
		A89E9B4C2929388900139A97 /* AlamofireRecipesDataSource.swift in Sources */ = {isa = PBXBuildFile; fileRef = A89E9B4B2929388900139A97 /* AlamofireRecipesDataSource.swift */; };
		A89E9B4E29293A8300139A97 /* Colllection+Extensions.swift in Sources */ = {isa = PBXBuildFile; fileRef = A89E9B4D29293A8300139A97 /* Colllection+Extensions.swift */; };
		A89E9B512929434A00139A97 /* HomeRecipesResponse.swift in Sources */ = {isa = PBXBuildFile; fileRef = A89E9B502929434A00139A97 /* HomeRecipesResponse.swift */; };
		A89E9B53292945D800139A97 /* UIImageView+Extensions.swift in Sources */ = {isa = PBXBuildFile; fileRef = A89E9B52292945D800139A97 /* UIImageView+Extensions.swift */; };
		A8ACC0BD2927DFC400A2E447 /* AppDelegate.swift in Sources */ = {isa = PBXBuildFile; fileRef = A8ACC0BC2927DFC400A2E447 /* AppDelegate.swift */; };
		A8ACC0BF2927DFC400A2E447 /* SceneDelegate.swift in Sources */ = {isa = PBXBuildFile; fileRef = A8ACC0BE2927DFC400A2E447 /* SceneDelegate.swift */; };
		A8ACC0C42927DFC400A2E447 /* Main.storyboard in Resources */ = {isa = PBXBuildFile; fileRef = A8ACC0C22927DFC400A2E447 /* Main.storyboard */; };
		A8ACC0C62927DFC800A2E447 /* Assets.xcassets in Resources */ = {isa = PBXBuildFile; fileRef = A8ACC0C52927DFC800A2E447 /* Assets.xcassets */; };
		A8ACC0C92927DFC800A2E447 /* LaunchScreen.storyboard in Resources */ = {isa = PBXBuildFile; fileRef = A8ACC0C72927DFC800A2E447 /* LaunchScreen.storyboard */; };
		A8ACC0D42927DFC900A2E447 /* spoonacular_iosTests.swift in Sources */ = {isa = PBXBuildFile; fileRef = A8ACC0D32927DFC900A2E447 /* spoonacular_iosTests.swift */; };
		A8ACC0DE2927DFC900A2E447 /* spoonacular_iosUITests.swift in Sources */ = {isa = PBXBuildFile; fileRef = A8ACC0DD2927DFC900A2E447 /* spoonacular_iosUITests.swift */; };
		A8ACC0E02927DFC900A2E447 /* spoonacular_iosUITestsLaunchTests.swift in Sources */ = {isa = PBXBuildFile; fileRef = A8ACC0DF2927DFC900A2E447 /* spoonacular_iosUITestsLaunchTests.swift */; };
		E318F5689F1C4DD4A6D18EE5 /* Pods_spoonacular_iosTests.framework in Frameworks */ = {isa = PBXBuildFile; fileRef = CC88567F0CE2FFDFB02F6461 /* Pods_spoonacular_iosTests.framework */; };
/* End PBXBuildFile section */

/* Begin PBXContainerItemProxy section */
		A8ACC0D02927DFC900A2E447 /* PBXContainerItemProxy */ = {
			isa = PBXContainerItemProxy;
			containerPortal = A8ACC0B12927DFC400A2E447 /* Project object */;
			proxyType = 1;
			remoteGlobalIDString = A8ACC0B82927DFC400A2E447;
			remoteInfo = "spoonacular-ios";
		};
		A8ACC0DA2927DFC900A2E447 /* PBXContainerItemProxy */ = {
			isa = PBXContainerItemProxy;
			containerPortal = A8ACC0B12927DFC400A2E447 /* Project object */;
			proxyType = 1;
			remoteGlobalIDString = A8ACC0B82927DFC400A2E447;
			remoteInfo = "spoonacular-ios";
		};
/* End PBXContainerItemProxy section */

/* Begin PBXFileReference section */
		2345B82D85A48A785C515DE0 /* Pods-spoonacular-ios.debug.xcconfig */ = {isa = PBXFileReference; includeInIndex = 1; lastKnownFileType = text.xcconfig; name = "Pods-spoonacular-ios.debug.xcconfig"; path = "Target Support Files/Pods-spoonacular-ios/Pods-spoonacular-ios.debug.xcconfig"; sourceTree = "<group>"; };
		338CBC2D726E79AB28F4CE17 /* Pods-spoonacular-iosTests.release.xcconfig */ = {isa = PBXFileReference; includeInIndex = 1; lastKnownFileType = text.xcconfig; name = "Pods-spoonacular-iosTests.release.xcconfig"; path = "Target Support Files/Pods-spoonacular-iosTests/Pods-spoonacular-iosTests.release.xcconfig"; sourceTree = "<group>"; };
		7C0B553A06D6EF2304DF25F0 /* Pods-spoonacular-ios-spoonacular-iosUITests.release.xcconfig */ = {isa = PBXFileReference; includeInIndex = 1; lastKnownFileType = text.xcconfig; name = "Pods-spoonacular-ios-spoonacular-iosUITests.release.xcconfig"; path = "Target Support Files/Pods-spoonacular-ios-spoonacular-iosUITests/Pods-spoonacular-ios-spoonacular-iosUITests.release.xcconfig"; sourceTree = "<group>"; };
		851A6612CFEE7DB9D73E623E /* Pods-spoonacular-iosTests.debug.xcconfig */ = {isa = PBXFileReference; includeInIndex = 1; lastKnownFileType = text.xcconfig; name = "Pods-spoonacular-iosTests.debug.xcconfig"; path = "Target Support Files/Pods-spoonacular-iosTests/Pods-spoonacular-iosTests.debug.xcconfig"; sourceTree = "<group>"; };
		8EF5C8596D5CE030B252532B /* Pods-spoonacular-ios.release.xcconfig */ = {isa = PBXFileReference; includeInIndex = 1; lastKnownFileType = text.xcconfig; name = "Pods-spoonacular-ios.release.xcconfig"; path = "Target Support Files/Pods-spoonacular-ios/Pods-spoonacular-ios.release.xcconfig"; sourceTree = "<group>"; };
		A46594383BC1AC4364092A2D /* Pods-spoonacular-ios-spoonacular-iosUITests.debug.xcconfig */ = {isa = PBXFileReference; includeInIndex = 1; lastKnownFileType = text.xcconfig; name = "Pods-spoonacular-ios-spoonacular-iosUITests.debug.xcconfig"; path = "Target Support Files/Pods-spoonacular-ios-spoonacular-iosUITests/Pods-spoonacular-ios-spoonacular-iosUITests.debug.xcconfig"; sourceTree = "<group>"; };
		A89E9AFB29283A9C00139A97 /* HomeViewController.swift */ = {isa = PBXFileReference; lastKnownFileType = sourcecode.swift; path = HomeViewController.swift; sourceTree = "<group>"; };
		A89E9B0029283B6800139A97 /* Theme.swift */ = {isa = PBXFileReference; lastKnownFileType = sourcecode.swift; path = Theme.swift; sourceTree = "<group>"; };
		A89E9B0229283BDC00139A97 /* MainTabBarController.swift */ = {isa = PBXFileReference; lastKnownFileType = sourcecode.swift; path = MainTabBarController.swift; sourceTree = "<group>"; };
		A89E9B0429283E0D00139A97 /* MyRecipesViewController.swift */ = {isa = PBXFileReference; lastKnownFileType = sourcecode.swift; path = MyRecipesViewController.swift; sourceTree = "<group>"; };
		A89E9B072928408200139A97 /* UIViewController+Extensions.swift */ = {isa = PBXFileReference; lastKnownFileType = sourcecode.swift; path = "UIViewController+Extensions.swift"; sourceTree = "<group>"; };
		A89E9B092928411B00139A97 /* UIApplication+Extensions.swift */ = {isa = PBXFileReference; lastKnownFileType = sourcecode.swift; path = "UIApplication+Extensions.swift"; sourceTree = "<group>"; };
		A89E9B0F2928442400139A97 /* RecipeItemTableViewCell.swift */ = {isa = PBXFileReference; lastKnownFileType = sourcecode.swift; path = RecipeItemTableViewCell.swift; sourceTree = "<group>"; };
		A89E9B11292845A400139A97 /* UITableView+Extensions.swift */ = {isa = PBXFileReference; lastKnownFileType = sourcecode.swift; path = "UITableView+Extensions.swift"; sourceTree = "<group>"; };
		A89E9B132928462500139A97 /* UIView+Extensions.swift */ = {isa = PBXFileReference; lastKnownFileType = sourcecode.swift; path = "UIView+Extensions.swift"; sourceTree = "<group>"; };
		A89E9B1A2929071B00139A97 /* SourceSansPro-Regular.ttf */ = {isa = PBXFileReference; lastKnownFileType = file; path = "SourceSansPro-Regular.ttf"; sourceTree = "<group>"; };
		A89E9B1B2929071B00139A97 /* SourceSansPro-Bold.ttf */ = {isa = PBXFileReference; lastKnownFileType = file; path = "SourceSansPro-Bold.ttf"; sourceTree = "<group>"; };
		A89E9B212929071B00139A97 /* SourceSansPro-SemiBold.ttf */ = {isa = PBXFileReference; lastKnownFileType = file; path = "SourceSansPro-SemiBold.ttf"; sourceTree = "<group>"; };
		A89E9B232929071B00139A97 /* SourceSansPro-Italic.ttf */ = {isa = PBXFileReference; lastKnownFileType = file; path = "SourceSansPro-Italic.ttf"; sourceTree = "<group>"; };
		A89E9B302929081A00139A97 /* Typography.swift */ = {isa = PBXFileReference; lastKnownFileType = sourcecode.swift; path = Typography.swift; sourceTree = "<group>"; };
		A89E9B322929095A00139A97 /* UIFont+Extensions.swift */ = {isa = PBXFileReference; lastKnownFileType = sourcecode.swift; path = "UIFont+Extensions.swift"; sourceTree = "<group>"; };
		A89E9B3629290C9900139A97 /* UILabel+Extensions.swift */ = {isa = PBXFileReference; lastKnownFileType = sourcecode.swift; path = "UILabel+Extensions.swift"; sourceTree = "<group>"; };
		A89E9B3D29292E5200139A97 /* CardItem.swift */ = {isa = PBXFileReference; lastKnownFileType = sourcecode.swift; path = CardItem.swift; sourceTree = "<group>"; };
		A89E9B3F29292FDC00139A97 /* RecipesDataService.swift */ = {isa = PBXFileReference; lastKnownFileType = sourcecode.swift; path = RecipesDataService.swift; sourceTree = "<group>"; };
		A89E9B4129292FF000139A97 /* RecipesDataServiceType.swift */ = {isa = PBXFileReference; lastKnownFileType = sourcecode.swift; path = RecipesDataServiceType.swift; sourceTree = "<group>"; };
		A89E9B432929303300139A97 /* CommonTypes.swift */ = {isa = PBXFileReference; lastKnownFileType = sourcecode.swift; path = CommonTypes.swift; sourceTree = "<group>"; };
		A89E9B46292932E900139A97 /* RecipesPresenter.swift */ = {isa = PBXFileReference; lastKnownFileType = sourcecode.swift; path = RecipesPresenter.swift; sourceTree = "<group>"; };
		A89E9B48292936C200139A97 /* BasicViewController.swift */ = {isa = PBXFileReference; lastKnownFileType = sourcecode.swift; path = BasicViewController.swift; sourceTree = "<group>"; };
		A89E9B4B2929388900139A97 /* AlamofireRecipesDataSource.swift */ = {isa = PBXFileReference; lastKnownFileType = sourcecode.swift; path = AlamofireRecipesDataSource.swift; sourceTree = "<group>"; };
		A89E9B4D29293A8300139A97 /* Colllection+Extensions.swift */ = {isa = PBXFileReference; lastKnownFileType = sourcecode.swift; path = "Colllection+Extensions.swift"; sourceTree = "<group>"; };
		A89E9B502929434A00139A97 /* HomeRecipesResponse.swift */ = {isa = PBXFileReference; lastKnownFileType = sourcecode.swift; path = HomeRecipesResponse.swift; sourceTree = "<group>"; };
		A89E9B52292945D800139A97 /* UIImageView+Extensions.swift */ = {isa = PBXFileReference; lastKnownFileType = sourcecode.swift; path = "UIImageView+Extensions.swift"; sourceTree = "<group>"; };
		A8ACC0B92927DFC400A2E447 /* spoonacular-ios.app */ = {isa = PBXFileReference; explicitFileType = wrapper.application; includeInIndex = 0; path = "spoonacular-ios.app"; sourceTree = BUILT_PRODUCTS_DIR; };
		A8ACC0BC2927DFC400A2E447 /* AppDelegate.swift */ = {isa = PBXFileReference; lastKnownFileType = sourcecode.swift; path = AppDelegate.swift; sourceTree = "<group>"; };
		A8ACC0BE2927DFC400A2E447 /* SceneDelegate.swift */ = {isa = PBXFileReference; lastKnownFileType = sourcecode.swift; path = SceneDelegate.swift; sourceTree = "<group>"; };
		A8ACC0C32927DFC400A2E447 /* Base */ = {isa = PBXFileReference; lastKnownFileType = file.storyboard; name = Base; path = Base.lproj/Main.storyboard; sourceTree = "<group>"; };
		A8ACC0C52927DFC800A2E447 /* Assets.xcassets */ = {isa = PBXFileReference; lastKnownFileType = folder.assetcatalog; path = Assets.xcassets; sourceTree = "<group>"; };
		A8ACC0C82927DFC800A2E447 /* Base */ = {isa = PBXFileReference; lastKnownFileType = file.storyboard; name = Base; path = Base.lproj/LaunchScreen.storyboard; sourceTree = "<group>"; };
		A8ACC0CA2927DFC800A2E447 /* Info.plist */ = {isa = PBXFileReference; lastKnownFileType = text.plist.xml; path = Info.plist; sourceTree = "<group>"; };
		A8ACC0CF2927DFC900A2E447 /* spoonacular-iosTests.xctest */ = {isa = PBXFileReference; explicitFileType = wrapper.cfbundle; includeInIndex = 0; path = "spoonacular-iosTests.xctest"; sourceTree = BUILT_PRODUCTS_DIR; };
		A8ACC0D32927DFC900A2E447 /* spoonacular_iosTests.swift */ = {isa = PBXFileReference; lastKnownFileType = sourcecode.swift; path = spoonacular_iosTests.swift; sourceTree = "<group>"; };
		A8ACC0D92927DFC900A2E447 /* spoonacular-iosUITests.xctest */ = {isa = PBXFileReference; explicitFileType = wrapper.cfbundle; includeInIndex = 0; path = "spoonacular-iosUITests.xctest"; sourceTree = BUILT_PRODUCTS_DIR; };
		A8ACC0DD2927DFC900A2E447 /* spoonacular_iosUITests.swift */ = {isa = PBXFileReference; lastKnownFileType = sourcecode.swift; path = spoonacular_iosUITests.swift; sourceTree = "<group>"; };
		A8ACC0DF2927DFC900A2E447 /* spoonacular_iosUITestsLaunchTests.swift */ = {isa = PBXFileReference; lastKnownFileType = sourcecode.swift; path = spoonacular_iosUITestsLaunchTests.swift; sourceTree = "<group>"; };
		CC88567F0CE2FFDFB02F6461 /* Pods_spoonacular_iosTests.framework */ = {isa = PBXFileReference; explicitFileType = wrapper.framework; includeInIndex = 0; path = Pods_spoonacular_iosTests.framework; sourceTree = BUILT_PRODUCTS_DIR; };
		DC78E9F7CFCA319B54BE036A /* Pods_spoonacular_ios_spoonacular_iosUITests.framework */ = {isa = PBXFileReference; explicitFileType = wrapper.framework; includeInIndex = 0; path = Pods_spoonacular_ios_spoonacular_iosUITests.framework; sourceTree = BUILT_PRODUCTS_DIR; };
		E71FAC1806461F7ACD94F2ED /* Pods_spoonacular_ios.framework */ = {isa = PBXFileReference; explicitFileType = wrapper.framework; includeInIndex = 0; path = Pods_spoonacular_ios.framework; sourceTree = BUILT_PRODUCTS_DIR; };
/* End PBXFileReference section */

/* Begin PBXFrameworksBuildPhase section */
		A8ACC0B62927DFC400A2E447 /* Frameworks */ = {
			isa = PBXFrameworksBuildPhase;
			buildActionMask = 2147483647;
			files = (
				1FC6A1BBE384EE76BC182FDF /* Pods_spoonacular_ios.framework in Frameworks */,
			);
			runOnlyForDeploymentPostprocessing = 0;
		};
		A8ACC0CC2927DFC900A2E447 /* Frameworks */ = {
			isa = PBXFrameworksBuildPhase;
			buildActionMask = 2147483647;
			files = (
				E318F5689F1C4DD4A6D18EE5 /* Pods_spoonacular_iosTests.framework in Frameworks */,
			);
			runOnlyForDeploymentPostprocessing = 0;
		};
		A8ACC0D62927DFC900A2E447 /* Frameworks */ = {
			isa = PBXFrameworksBuildPhase;
			buildActionMask = 2147483647;
			files = (
				65D314A41A2327FF026BBEF9 /* Pods_spoonacular_ios_spoonacular_iosUITests.framework in Frameworks */,
			);
			runOnlyForDeploymentPostprocessing = 0;
		};
/* End PBXFrameworksBuildPhase section */

/* Begin PBXGroup section */
		A89E9AFD29283ABC00139A97 /* Theme */ = {
			isa = PBXGroup;
			children = (
				A89E9B0029283B6800139A97 /* Theme.swift */,
				A89E9B302929081A00139A97 /* Typography.swift */,
			);
			path = Theme;
			sourceTree = "<group>";
		};
		A89E9B062928405900139A97 /* Extensions */ = {
			isa = PBXGroup;
			children = (
				A89E9B072928408200139A97 /* UIViewController+Extensions.swift */,
				A89E9B092928411B00139A97 /* UIApplication+Extensions.swift */,
				A89E9B11292845A400139A97 /* UITableView+Extensions.swift */,
				A89E9B132928462500139A97 /* UIView+Extensions.swift */,
				A89E9B322929095A00139A97 /* UIFont+Extensions.swift */,
				A89E9B3629290C9900139A97 /* UILabel+Extensions.swift */,
				A89E9B52292945D800139A97 /* UIImageView+Extensions.swift */,
				A89E9B4D29293A8300139A97 /* Colllection+Extensions.swift */,
			);
			path = Extensions;
			sourceTree = "<group>";
		};
		A89E9B0B2928437400139A97 /* Cells */ = {
			isa = PBXGroup;
			children = (
				A89E9B0C2928438C00139A97 /* RecipeItemTableViewCell */,
			);
			path = Cells;
			sourceTree = "<group>";
		};
		A89E9B0C2928438C00139A97 /* RecipeItemTableViewCell */ = {
			isa = PBXGroup;
			children = (
				A89E9B0F2928442400139A97 /* RecipeItemTableViewCell.swift */,
			);
			path = RecipeItemTableViewCell;
			sourceTree = "<group>";
		};
		A89E9B0D292843B100139A97 /* Home */ = {
			isa = PBXGroup;
			children = (
				A89E9B0B2928437400139A97 /* Cells */,
				A89E9AFB29283A9C00139A97 /* HomeViewController.swift */,
			);
			path = Home;
			sourceTree = "<group>";
		};
		A89E9B0E292843E700139A97 /* MainModule */ = {
			isa = PBXGroup;
			children = (
				A89E9B4A2929385A00139A97 /* Dependencies */,
				A89E9B3929292DDD00139A97 /* Data */,
				A89E9B45292932AA00139A97 /* Presentation */,
				A89E9B3829292DBC00139A97 /* MyRecipes */,
				A89E9AFD29283ABC00139A97 /* Theme */,
				A89E9B0D292843B100139A97 /* Home */,
				A89E9B48292936C200139A97 /* BasicViewController.swift */,
			);
			path = MainModule;
			sourceTree = "<group>";
		};
		A89E9B152928FC3600139A97 /* Resources */ = {
			isa = PBXGroup;
			children = (
				A89E9B162928FC4600139A97 /* Fonts */,
			);
			path = Resources;
			sourceTree = "<group>";
		};
		A89E9B162928FC4600139A97 /* Fonts */ = {
			isa = PBXGroup;
			children = (
				A89E9B172929071B00139A97 /* Source_Sans_Pro */,
			);
			path = Fonts;
			sourceTree = "<group>";
		};
		A89E9B172929071B00139A97 /* Source_Sans_Pro */ = {
			isa = PBXGroup;
			children = (
				A89E9B1A2929071B00139A97 /* SourceSansPro-Regular.ttf */,
				A89E9B1B2929071B00139A97 /* SourceSansPro-Bold.ttf */,
				A89E9B212929071B00139A97 /* SourceSansPro-SemiBold.ttf */,
				A89E9B232929071B00139A97 /* SourceSansPro-Italic.ttf */,
			);
			path = Source_Sans_Pro;
			sourceTree = "<group>";
		};
		A89E9B3829292DBC00139A97 /* MyRecipes */ = {
			isa = PBXGroup;
			children = (
				A89E9B0429283E0D00139A97 /* MyRecipesViewController.swift */,
			);
			path = MyRecipes;
			sourceTree = "<group>";
		};
		A89E9B3929292DDD00139A97 /* Data */ = {
			isa = PBXGroup;
			children = (
				A89E9B3A29292E1900139A97 /* Services */,
			);
			path = Data;
			sourceTree = "<group>";
		};
		A89E9B3A29292E1900139A97 /* Services */ = {
			isa = PBXGroup;
			children = (
				A89E9B3C29292E3800139A97 /* Types */,
				A89E9B3B29292E2500139A97 /* Models */,
				A89E9B3F29292FDC00139A97 /* RecipesDataService.swift */,
			);
			path = Services;
			sourceTree = "<group>";
		};
		A89E9B3B29292E2500139A97 /* Models */ = {
			isa = PBXGroup;
			children = (
				A89E9B3D29292E5200139A97 /* CardItem.swift */,
			);
			path = Models;
			sourceTree = "<group>";
		};
		A89E9B3C29292E3800139A97 /* Types */ = {
			isa = PBXGroup;
			children = (
				A89E9B4129292FF000139A97 /* RecipesDataServiceType.swift */,
				A89E9B432929303300139A97 /* CommonTypes.swift */,
			);
			path = Types;
			sourceTree = "<group>";
		};
		A89E9B45292932AA00139A97 /* Presentation */ = {
			isa = PBXGroup;
			children = (
				A89E9B46292932E900139A97 /* RecipesPresenter.swift */,
			);
			path = Presentation;
			sourceTree = "<group>";
		};
		A89E9B4A2929385A00139A97 /* Dependencies */ = {
			isa = PBXGroup;
			children = (
				A89E9B4F2929433000139A97 /* Models */,
				A89E9B4B2929388900139A97 /* AlamofireRecipesDataSource.swift */,
			);
			path = Dependencies;
			sourceTree = "<group>";
		};
		A89E9B4F2929433000139A97 /* Models */ = {
			isa = PBXGroup;
			children = (
				A89E9B502929434A00139A97 /* HomeRecipesResponse.swift */,
			);
			path = Models;
			sourceTree = "<group>";
		};
		A8ACC0B02927DFC400A2E447 = {
			isa = PBXGroup;
			children = (
				A8ACC0BB2927DFC400A2E447 /* spoonacular-ios */,
				A8ACC0D22927DFC900A2E447 /* spoonacular-iosTests */,
				A8ACC0DC2927DFC900A2E447 /* spoonacular-iosUITests */,
				A8ACC0BA2927DFC400A2E447 /* Products */,
				C45D4A7A2FD3C07D432CDA35 /* Pods */,
				B6847B72702F6703F9456977 /* Frameworks */,
			);
			sourceTree = "<group>";
		};
		A8ACC0BA2927DFC400A2E447 /* Products */ = {
			isa = PBXGroup;
			children = (
				A8ACC0B92927DFC400A2E447 /* spoonacular-ios.app */,
				A8ACC0CF2927DFC900A2E447 /* spoonacular-iosTests.xctest */,
				A8ACC0D92927DFC900A2E447 /* spoonacular-iosUITests.xctest */,
			);
			name = Products;
			sourceTree = "<group>";
		};
		A8ACC0BB2927DFC400A2E447 /* spoonacular-ios */ = {
			isa = PBXGroup;
			children = (
				A89E9B0E292843E700139A97 /* MainModule */,
				A89E9B0229283BDC00139A97 /* MainTabBarController.swift */,
				A8ACC0BC2927DFC400A2E447 /* AppDelegate.swift */,
				A8ACC0BE2927DFC400A2E447 /* SceneDelegate.swift */,
				A8ACC0C22927DFC400A2E447 /* Main.storyboard */,
				A8ACC0C52927DFC800A2E447 /* Assets.xcassets */,
				A8ACC0C72927DFC800A2E447 /* LaunchScreen.storyboard */,
				A8ACC0CA2927DFC800A2E447 /* Info.plist */,
				A89E9B152928FC3600139A97 /* Resources */,
				A89E9B062928405900139A97 /* Extensions */,
			);
			path = "spoonacular-ios";
			sourceTree = "<group>";
		};
		A8ACC0D22927DFC900A2E447 /* spoonacular-iosTests */ = {
			isa = PBXGroup;
			children = (
				A8ACC0D32927DFC900A2E447 /* spoonacular_iosTests.swift */,
			);
			path = "spoonacular-iosTests";
			sourceTree = "<group>";
		};
		A8ACC0DC2927DFC900A2E447 /* spoonacular-iosUITests */ = {
			isa = PBXGroup;
			children = (
				A8ACC0DD2927DFC900A2E447 /* spoonacular_iosUITests.swift */,
				A8ACC0DF2927DFC900A2E447 /* spoonacular_iosUITestsLaunchTests.swift */,
			);
			path = "spoonacular-iosUITests";
			sourceTree = "<group>";
		};
		B6847B72702F6703F9456977 /* Frameworks */ = {
			isa = PBXGroup;
			children = (
				E71FAC1806461F7ACD94F2ED /* Pods_spoonacular_ios.framework */,
				DC78E9F7CFCA319B54BE036A /* Pods_spoonacular_ios_spoonacular_iosUITests.framework */,
				CC88567F0CE2FFDFB02F6461 /* Pods_spoonacular_iosTests.framework */,
			);
			name = Frameworks;
			sourceTree = "<group>";
		};
		C45D4A7A2FD3C07D432CDA35 /* Pods */ = {
			isa = PBXGroup;
			children = (
				2345B82D85A48A785C515DE0 /* Pods-spoonacular-ios.debug.xcconfig */,
				8EF5C8596D5CE030B252532B /* Pods-spoonacular-ios.release.xcconfig */,
				A46594383BC1AC4364092A2D /* Pods-spoonacular-ios-spoonacular-iosUITests.debug.xcconfig */,
				7C0B553A06D6EF2304DF25F0 /* Pods-spoonacular-ios-spoonacular-iosUITests.release.xcconfig */,
				851A6612CFEE7DB9D73E623E /* Pods-spoonacular-iosTests.debug.xcconfig */,
				338CBC2D726E79AB28F4CE17 /* Pods-spoonacular-iosTests.release.xcconfig */,
			);
			path = Pods;
			sourceTree = "<group>";
		};
/* End PBXGroup section */

/* Begin PBXNativeTarget section */
		A8ACC0B82927DFC400A2E447 /* spoonacular-ios */ = {
			isa = PBXNativeTarget;
			buildConfigurationList = A8ACC0E32927DFC900A2E447 /* Build configuration list for PBXNativeTarget "spoonacular-ios" */;
			buildPhases = (
				98CD59AB82905E009CA2CEE6 /* [CP] Check Pods Manifest.lock */,
				A8ACC0B52927DFC400A2E447 /* Sources */,
				A8ACC0B62927DFC400A2E447 /* Frameworks */,
				A8ACC0B72927DFC400A2E447 /* Resources */,
				7D9C6C0D931D57D03219B825 /* [CP] Embed Pods Frameworks */,
			);
			buildRules = (
			);
			dependencies = (
			);
			name = "spoonacular-ios";
			productName = "spoonacular-ios";
			productReference = A8ACC0B92927DFC400A2E447 /* spoonacular-ios.app */;
			productType = "com.apple.product-type.application";
		};
		A8ACC0CE2927DFC900A2E447 /* spoonacular-iosTests */ = {
			isa = PBXNativeTarget;
			buildConfigurationList = A8ACC0E62927DFC900A2E447 /* Build configuration list for PBXNativeTarget "spoonacular-iosTests" */;
			buildPhases = (
				915A1079EF377FDD11E0D9C7 /* [CP] Check Pods Manifest.lock */,
				A8ACC0CB2927DFC900A2E447 /* Sources */,
				A8ACC0CC2927DFC900A2E447 /* Frameworks */,
				A8ACC0CD2927DFC900A2E447 /* Resources */,
			);
			buildRules = (
			);
			dependencies = (
				A8ACC0D12927DFC900A2E447 /* PBXTargetDependency */,
			);
			name = "spoonacular-iosTests";
			productName = "spoonacular-iosTests";
			productReference = A8ACC0CF2927DFC900A2E447 /* spoonacular-iosTests.xctest */;
			productType = "com.apple.product-type.bundle.unit-test";
		};
		A8ACC0D82927DFC900A2E447 /* spoonacular-iosUITests */ = {
			isa = PBXNativeTarget;
			buildConfigurationList = A8ACC0E92927DFC900A2E447 /* Build configuration list for PBXNativeTarget "spoonacular-iosUITests" */;
			buildPhases = (
				5A113750E175FF15E8E321A5 /* [CP] Check Pods Manifest.lock */,
				A8ACC0D52927DFC900A2E447 /* Sources */,
				A8ACC0D62927DFC900A2E447 /* Frameworks */,
				A8ACC0D72927DFC900A2E447 /* Resources */,
				5AA0352130229E19D191B854 /* [CP] Embed Pods Frameworks */,
			);
			buildRules = (
			);
			dependencies = (
				A8ACC0DB2927DFC900A2E447 /* PBXTargetDependency */,
			);
			name = "spoonacular-iosUITests";
			productName = "spoonacular-iosUITests";
			productReference = A8ACC0D92927DFC900A2E447 /* spoonacular-iosUITests.xctest */;
			productType = "com.apple.product-type.bundle.ui-testing";
		};
/* End PBXNativeTarget section */

/* Begin PBXProject section */
		A8ACC0B12927DFC400A2E447 /* Project object */ = {
			isa = PBXProject;
			attributes = {
				BuildIndependentTargetsInParallel = 1;
				LastSwiftUpdateCheck = 1400;
				LastUpgradeCheck = 1400;
				TargetAttributes = {
					A8ACC0B82927DFC400A2E447 = {
						CreatedOnToolsVersion = 14.0;
					};
					A8ACC0CE2927DFC900A2E447 = {
						CreatedOnToolsVersion = 14.0;
						TestTargetID = A8ACC0B82927DFC400A2E447;
					};
					A8ACC0D82927DFC900A2E447 = {
						CreatedOnToolsVersion = 14.0;
						TestTargetID = A8ACC0B82927DFC400A2E447;
					};
				};
			};
			buildConfigurationList = A8ACC0B42927DFC400A2E447 /* Build configuration list for PBXProject "spoonacular-ios" */;
			compatibilityVersion = "Xcode 13.0";
			developmentRegion = en;
			hasScannedForEncodings = 0;
			knownRegions = (
				en,
				Base,
			);
			mainGroup = A8ACC0B02927DFC400A2E447;
			productRefGroup = A8ACC0BA2927DFC400A2E447 /* Products */;
			projectDirPath = "";
			projectRoot = "";
			targets = (
				A8ACC0B82927DFC400A2E447 /* spoonacular-ios */,
				A8ACC0CE2927DFC900A2E447 /* spoonacular-iosTests */,
				A8ACC0D82927DFC900A2E447 /* spoonacular-iosUITests */,
			);
		};
/* End PBXProject section */

/* Begin PBXResourcesBuildPhase section */
		A8ACC0B72927DFC400A2E447 /* Resources */ = {
			isa = PBXResourcesBuildPhase;
			buildActionMask = 2147483647;
			files = (
				A8ACC0C92927DFC800A2E447 /* LaunchScreen.storyboard in Resources */,
				A89E9B2F2929071B00139A97 /* SourceSansPro-Italic.ttf in Resources */,
				A8ACC0C62927DFC800A2E447 /* Assets.xcassets in Resources */,
				A8ACC0C42927DFC400A2E447 /* Main.storyboard in Resources */,
				A89E9B272929071B00139A97 /* SourceSansPro-Bold.ttf in Resources */,
				A89E9B2D2929071B00139A97 /* SourceSansPro-SemiBold.ttf in Resources */,
				A89E9B262929071B00139A97 /* SourceSansPro-Regular.ttf in Resources */,
			);
			runOnlyForDeploymentPostprocessing = 0;
		};
		A8ACC0CD2927DFC900A2E447 /* Resources */ = {
			isa = PBXResourcesBuildPhase;
			buildActionMask = 2147483647;
			files = (
			);
			runOnlyForDeploymentPostprocessing = 0;
		};
		A8ACC0D72927DFC900A2E447 /* Resources */ = {
			isa = PBXResourcesBuildPhase;
			buildActionMask = 2147483647;
			files = (
			);
			runOnlyForDeploymentPostprocessing = 0;
		};
/* End PBXResourcesBuildPhase section */

/* Begin PBXShellScriptBuildPhase section */
		5A113750E175FF15E8E321A5 /* [CP] Check Pods Manifest.lock */ = {
			isa = PBXShellScriptBuildPhase;
			buildActionMask = 2147483647;
			files = (
			);
			inputFileListPaths = (
			);
			inputPaths = (
				"${PODS_PODFILE_DIR_PATH}/Podfile.lock",
				"${PODS_ROOT}/Manifest.lock",
			);
			name = "[CP] Check Pods Manifest.lock";
			outputFileListPaths = (
			);
			outputPaths = (
				"$(DERIVED_FILE_DIR)/Pods-spoonacular-ios-spoonacular-iosUITests-checkManifestLockResult.txt",
			);
			runOnlyForDeploymentPostprocessing = 0;
			shellPath = /bin/sh;
			shellScript = "diff \"${PODS_PODFILE_DIR_PATH}/Podfile.lock\" \"${PODS_ROOT}/Manifest.lock\" > /dev/null\nif [ $? != 0 ] ; then\n    # print error to STDERR\n    echo \"error: The sandbox is not in sync with the Podfile.lock. Run 'pod install' or update your CocoaPods installation.\" >&2\n    exit 1\nfi\n# This output is used by Xcode 'outputs' to avoid re-running this script phase.\necho \"SUCCESS\" > \"${SCRIPT_OUTPUT_FILE_0}\"\n";
			showEnvVarsInLog = 0;
		};
		5AA0352130229E19D191B854 /* [CP] Embed Pods Frameworks */ = {
			isa = PBXShellScriptBuildPhase;
			buildActionMask = 2147483647;
			files = (
			);
			inputFileListPaths = (
				"${PODS_ROOT}/Target Support Files/Pods-spoonacular-ios-spoonacular-iosUITests/Pods-spoonacular-ios-spoonacular-iosUITests-frameworks-${CONFIGURATION}-input-files.xcfilelist",
			);
			name = "[CP] Embed Pods Frameworks";
			outputFileListPaths = (
				"${PODS_ROOT}/Target Support Files/Pods-spoonacular-ios-spoonacular-iosUITests/Pods-spoonacular-ios-spoonacular-iosUITests-frameworks-${CONFIGURATION}-output-files.xcfilelist",
			);
			runOnlyForDeploymentPostprocessing = 0;
			shellPath = /bin/sh;
			shellScript = "\"${PODS_ROOT}/Target Support Files/Pods-spoonacular-ios-spoonacular-iosUITests/Pods-spoonacular-ios-spoonacular-iosUITests-frameworks.sh\"\n";
			showEnvVarsInLog = 0;
		};
		7D9C6C0D931D57D03219B825 /* [CP] Embed Pods Frameworks */ = {
			isa = PBXShellScriptBuildPhase;
			buildActionMask = 2147483647;
			files = (
			);
			inputFileListPaths = (
				"${PODS_ROOT}/Target Support Files/Pods-spoonacular-ios/Pods-spoonacular-ios-frameworks-${CONFIGURATION}-input-files.xcfilelist",
			);
			name = "[CP] Embed Pods Frameworks";
			outputFileListPaths = (
				"${PODS_ROOT}/Target Support Files/Pods-spoonacular-ios/Pods-spoonacular-ios-frameworks-${CONFIGURATION}-output-files.xcfilelist",
			);
			runOnlyForDeploymentPostprocessing = 0;
			shellPath = /bin/sh;
			shellScript = "\"${PODS_ROOT}/Target Support Files/Pods-spoonacular-ios/Pods-spoonacular-ios-frameworks.sh\"\n";
			showEnvVarsInLog = 0;
		};
		915A1079EF377FDD11E0D9C7 /* [CP] Check Pods Manifest.lock */ = {
			isa = PBXShellScriptBuildPhase;
			buildActionMask = 2147483647;
			files = (
			);
			inputFileListPaths = (
			);
			inputPaths = (
				"${PODS_PODFILE_DIR_PATH}/Podfile.lock",
				"${PODS_ROOT}/Manifest.lock",
			);
			name = "[CP] Check Pods Manifest.lock";
			outputFileListPaths = (
			);
			outputPaths = (
				"$(DERIVED_FILE_DIR)/Pods-spoonacular-iosTests-checkManifestLockResult.txt",
			);
			runOnlyForDeploymentPostprocessing = 0;
			shellPath = /bin/sh;
			shellScript = "diff \"${PODS_PODFILE_DIR_PATH}/Podfile.lock\" \"${PODS_ROOT}/Manifest.lock\" > /dev/null\nif [ $? != 0 ] ; then\n    # print error to STDERR\n    echo \"error: The sandbox is not in sync with the Podfile.lock. Run 'pod install' or update your CocoaPods installation.\" >&2\n    exit 1\nfi\n# This output is used by Xcode 'outputs' to avoid re-running this script phase.\necho \"SUCCESS\" > \"${SCRIPT_OUTPUT_FILE_0}\"\n";
			showEnvVarsInLog = 0;
		};
		98CD59AB82905E009CA2CEE6 /* [CP] Check Pods Manifest.lock */ = {
			isa = PBXShellScriptBuildPhase;
			buildActionMask = 2147483647;
			files = (
			);
			inputFileListPaths = (
			);
			inputPaths = (
				"${PODS_PODFILE_DIR_PATH}/Podfile.lock",
				"${PODS_ROOT}/Manifest.lock",
			);
			name = "[CP] Check Pods Manifest.lock";
			outputFileListPaths = (
			);
			outputPaths = (
				"$(DERIVED_FILE_DIR)/Pods-spoonacular-ios-checkManifestLockResult.txt",
			);
			runOnlyForDeploymentPostprocessing = 0;
			shellPath = /bin/sh;
			shellScript = "diff \"${PODS_PODFILE_DIR_PATH}/Podfile.lock\" \"${PODS_ROOT}/Manifest.lock\" > /dev/null\nif [ $? != 0 ] ; then\n    # print error to STDERR\n    echo \"error: The sandbox is not in sync with the Podfile.lock. Run 'pod install' or update your CocoaPods installation.\" >&2\n    exit 1\nfi\n# This output is used by Xcode 'outputs' to avoid re-running this script phase.\necho \"SUCCESS\" > \"${SCRIPT_OUTPUT_FILE_0}\"\n";
			showEnvVarsInLog = 0;
		};
/* End PBXShellScriptBuildPhase section */

/* Begin PBXSourcesBuildPhase section */
		A8ACC0B52927DFC400A2E447 /* Sources */ = {
			isa = PBXSourcesBuildPhase;
			buildActionMask = 2147483647;
			files = (
				A89E9B4229292FF000139A97 /* RecipesDataServiceType.swift in Sources */,
				A89E9B49292936C200139A97 /* BasicViewController.swift in Sources */,
				A8ACC0BD2927DFC400A2E447 /* AppDelegate.swift in Sources */,
				A89E9B0129283B6800139A97 /* Theme.swift in Sources */,
				A89E9B3E29292E5200139A97 /* CardItem.swift in Sources */,
				A89E9B102928442400139A97 /* RecipeItemTableViewCell.swift in Sources */,
				A89E9B53292945D800139A97 /* UIImageView+Extensions.swift in Sources */,
				A89E9B0529283E0D00139A97 /* MyRecipesViewController.swift in Sources */,
				A89E9B082928408200139A97 /* UIViewController+Extensions.swift in Sources */,
				A89E9B4E29293A8300139A97 /* Colllection+Extensions.swift in Sources */,
				A89E9B12292845A400139A97 /* UITableView+Extensions.swift in Sources */,
				A89E9B3729290C9900139A97 /* UILabel+Extensions.swift in Sources */,
				A89E9B0329283BDC00139A97 /* MainTabBarController.swift in Sources */,
				A89E9B4029292FDC00139A97 /* RecipesDataService.swift in Sources */,
				A8ACC0BF2927DFC400A2E447 /* SceneDelegate.swift in Sources */,
				A89E9B0A2928411B00139A97 /* UIApplication+Extensions.swift in Sources */,
				A89E9B4C2929388900139A97 /* AlamofireRecipesDataSource.swift in Sources */,
				A89E9AFC29283A9C00139A97 /* HomeViewController.swift in Sources */,
				A89E9B47292932E900139A97 /* RecipesPresenter.swift in Sources */,
				A89E9B442929303300139A97 /* CommonTypes.swift in Sources */,
				A89E9B332929095A00139A97 /* UIFont+Extensions.swift in Sources */,
				A89E9B312929081A00139A97 /* Typography.swift in Sources */,
				A89E9B512929434A00139A97 /* HomeRecipesResponse.swift in Sources */,
				A89E9B142928462500139A97 /* UIView+Extensions.swift in Sources */,
			);
			runOnlyForDeploymentPostprocessing = 0;
		};
		A8ACC0CB2927DFC900A2E447 /* Sources */ = {
			isa = PBXSourcesBuildPhase;
			buildActionMask = 2147483647;
			files = (
				A8ACC0D42927DFC900A2E447 /* spoonacular_iosTests.swift in Sources */,
			);
			runOnlyForDeploymentPostprocessing = 0;
		};
		A8ACC0D52927DFC900A2E447 /* Sources */ = {
			isa = PBXSourcesBuildPhase;
			buildActionMask = 2147483647;
			files = (
				A8ACC0E02927DFC900A2E447 /* spoonacular_iosUITestsLaunchTests.swift in Sources */,
				A8ACC0DE2927DFC900A2E447 /* spoonacular_iosUITests.swift in Sources */,
			);
			runOnlyForDeploymentPostprocessing = 0;
		};
/* End PBXSourcesBuildPhase section */

/* Begin PBXTargetDependency section */
		A8ACC0D12927DFC900A2E447 /* PBXTargetDependency */ = {
			isa = PBXTargetDependency;
			target = A8ACC0B82927DFC400A2E447 /* spoonacular-ios */;
			targetProxy = A8ACC0D02927DFC900A2E447 /* PBXContainerItemProxy */;
		};
		A8ACC0DB2927DFC900A2E447 /* PBXTargetDependency */ = {
			isa = PBXTargetDependency;
			target = A8ACC0B82927DFC400A2E447 /* spoonacular-ios */;
			targetProxy = A8ACC0DA2927DFC900A2E447 /* PBXContainerItemProxy */;
		};
/* End PBXTargetDependency section */

/* Begin PBXVariantGroup section */
		A8ACC0C22927DFC400A2E447 /* Main.storyboard */ = {
			isa = PBXVariantGroup;
			children = (
				A8ACC0C32927DFC400A2E447 /* Base */,
			);
			name = Main.storyboard;
			sourceTree = "<group>";
		};
		A8ACC0C72927DFC800A2E447 /* LaunchScreen.storyboard */ = {
			isa = PBXVariantGroup;
			children = (
				A8ACC0C82927DFC800A2E447 /* Base */,
			);
			name = LaunchScreen.storyboard;
			sourceTree = "<group>";
		};
/* End PBXVariantGroup section */

/* Begin XCBuildConfiguration section */
		A8ACC0E12927DFC900A2E447 /* Debug */ = {
			isa = XCBuildConfiguration;
			buildSettings = {
				ALWAYS_SEARCH_USER_PATHS = NO;
				CLANG_ANALYZER_NONNULL = YES;
				CLANG_ANALYZER_NUMBER_OBJECT_CONVERSION = YES_AGGRESSIVE;
				CLANG_CXX_LANGUAGE_STANDARD = "gnu++20";
				CLANG_ENABLE_MODULES = YES;
				CLANG_ENABLE_OBJC_ARC = YES;
				CLANG_ENABLE_OBJC_WEAK = YES;
				CLANG_WARN_BLOCK_CAPTURE_AUTORELEASING = YES;
				CLANG_WARN_BOOL_CONVERSION = YES;
				CLANG_WARN_COMMA = YES;
				CLANG_WARN_CONSTANT_CONVERSION = YES;
				CLANG_WARN_DEPRECATED_OBJC_IMPLEMENTATIONS = YES;
				CLANG_WARN_DIRECT_OBJC_ISA_USAGE = YES_ERROR;
				CLANG_WARN_DOCUMENTATION_COMMENTS = YES;
				CLANG_WARN_EMPTY_BODY = YES;
				CLANG_WARN_ENUM_CONVERSION = YES;
				CLANG_WARN_INFINITE_RECURSION = YES;
				CLANG_WARN_INT_CONVERSION = YES;
				CLANG_WARN_NON_LITERAL_NULL_CONVERSION = YES;
				CLANG_WARN_OBJC_IMPLICIT_RETAIN_SELF = YES;
				CLANG_WARN_OBJC_LITERAL_CONVERSION = YES;
				CLANG_WARN_OBJC_ROOT_CLASS = YES_ERROR;
				CLANG_WARN_QUOTED_INCLUDE_IN_FRAMEWORK_HEADER = YES;
				CLANG_WARN_RANGE_LOOP_ANALYSIS = YES;
				CLANG_WARN_STRICT_PROTOTYPES = YES;
				CLANG_WARN_SUSPICIOUS_MOVE = YES;
				CLANG_WARN_UNGUARDED_AVAILABILITY = YES_AGGRESSIVE;
				CLANG_WARN_UNREACHABLE_CODE = YES;
				CLANG_WARN__DUPLICATE_METHOD_MATCH = YES;
				COPY_PHASE_STRIP = NO;
				DEBUG_INFORMATION_FORMAT = dwarf;
				ENABLE_STRICT_OBJC_MSGSEND = YES;
				ENABLE_TESTABILITY = YES;
				GCC_C_LANGUAGE_STANDARD = gnu11;
				GCC_DYNAMIC_NO_PIC = NO;
				GCC_NO_COMMON_BLOCKS = YES;
				GCC_OPTIMIZATION_LEVEL = 0;
				GCC_PREPROCESSOR_DEFINITIONS = (
					"DEBUG=1",
					"$(inherited)",
				);
				GCC_WARN_64_TO_32_BIT_CONVERSION = YES;
				GCC_WARN_ABOUT_RETURN_TYPE = YES_ERROR;
				GCC_WARN_UNDECLARED_SELECTOR = YES;
				GCC_WARN_UNINITIALIZED_AUTOS = YES_AGGRESSIVE;
				GCC_WARN_UNUSED_FUNCTION = YES;
				GCC_WARN_UNUSED_VARIABLE = YES;
				IPHONEOS_DEPLOYMENT_TARGET = 16.0;
				MTL_ENABLE_DEBUG_INFO = INCLUDE_SOURCE;
				MTL_FAST_MATH = YES;
				ONLY_ACTIVE_ARCH = YES;
				SDKROOT = iphoneos;
				SWIFT_ACTIVE_COMPILATION_CONDITIONS = DEBUG;
				SWIFT_OPTIMIZATION_LEVEL = "-Onone";
			};
			name = Debug;
		};
		A8ACC0E22927DFC900A2E447 /* Release */ = {
			isa = XCBuildConfiguration;
			buildSettings = {
				ALWAYS_SEARCH_USER_PATHS = NO;
				CLANG_ANALYZER_NONNULL = YES;
				CLANG_ANALYZER_NUMBER_OBJECT_CONVERSION = YES_AGGRESSIVE;
				CLANG_CXX_LANGUAGE_STANDARD = "gnu++20";
				CLANG_ENABLE_MODULES = YES;
				CLANG_ENABLE_OBJC_ARC = YES;
				CLANG_ENABLE_OBJC_WEAK = YES;
				CLANG_WARN_BLOCK_CAPTURE_AUTORELEASING = YES;
				CLANG_WARN_BOOL_CONVERSION = YES;
				CLANG_WARN_COMMA = YES;
				CLANG_WARN_CONSTANT_CONVERSION = YES;
				CLANG_WARN_DEPRECATED_OBJC_IMPLEMENTATIONS = YES;
				CLANG_WARN_DIRECT_OBJC_ISA_USAGE = YES_ERROR;
				CLANG_WARN_DOCUMENTATION_COMMENTS = YES;
				CLANG_WARN_EMPTY_BODY = YES;
				CLANG_WARN_ENUM_CONVERSION = YES;
				CLANG_WARN_INFINITE_RECURSION = YES;
				CLANG_WARN_INT_CONVERSION = YES;
				CLANG_WARN_NON_LITERAL_NULL_CONVERSION = YES;
				CLANG_WARN_OBJC_IMPLICIT_RETAIN_SELF = YES;
				CLANG_WARN_OBJC_LITERAL_CONVERSION = YES;
				CLANG_WARN_OBJC_ROOT_CLASS = YES_ERROR;
				CLANG_WARN_QUOTED_INCLUDE_IN_FRAMEWORK_HEADER = YES;
				CLANG_WARN_RANGE_LOOP_ANALYSIS = YES;
				CLANG_WARN_STRICT_PROTOTYPES = YES;
				CLANG_WARN_SUSPICIOUS_MOVE = YES;
				CLANG_WARN_UNGUARDED_AVAILABILITY = YES_AGGRESSIVE;
				CLANG_WARN_UNREACHABLE_CODE = YES;
				CLANG_WARN__DUPLICATE_METHOD_MATCH = YES;
				COPY_PHASE_STRIP = NO;
				DEBUG_INFORMATION_FORMAT = "dwarf-with-dsym";
				ENABLE_NS_ASSERTIONS = NO;
				ENABLE_STRICT_OBJC_MSGSEND = YES;
				GCC_C_LANGUAGE_STANDARD = gnu11;
				GCC_NO_COMMON_BLOCKS = YES;
				GCC_WARN_64_TO_32_BIT_CONVERSION = YES;
				GCC_WARN_ABOUT_RETURN_TYPE = YES_ERROR;
				GCC_WARN_UNDECLARED_SELECTOR = YES;
				GCC_WARN_UNINITIALIZED_AUTOS = YES_AGGRESSIVE;
				GCC_WARN_UNUSED_FUNCTION = YES;
				GCC_WARN_UNUSED_VARIABLE = YES;
				IPHONEOS_DEPLOYMENT_TARGET = 16.0;
				MTL_ENABLE_DEBUG_INFO = NO;
				MTL_FAST_MATH = YES;
				SDKROOT = iphoneos;
				SWIFT_COMPILATION_MODE = wholemodule;
				SWIFT_OPTIMIZATION_LEVEL = "-O";
				VALIDATE_PRODUCT = YES;
			};
			name = Release;
		};
		A8ACC0E42927DFC900A2E447 /* Debug */ = {
			isa = XCBuildConfiguration;
			baseConfigurationReference = 2345B82D85A48A785C515DE0 /* Pods-spoonacular-ios.debug.xcconfig */;
			buildSettings = {
				ASSETCATALOG_COMPILER_APPICON_NAME = AppIcon;
				ASSETCATALOG_COMPILER_GLOBAL_ACCENT_COLOR_NAME = AccentColor;
				CODE_SIGN_STYLE = Automatic;
				CURRENT_PROJECT_VERSION = 1;
				DEVELOPMENT_TEAM = ZQAVFFZSU4;
				GENERATE_INFOPLIST_FILE = YES;
				INFOPLIST_FILE = "spoonacular-ios/Info.plist";
				INFOPLIST_KEY_UIApplicationSupportsIndirectInputEvents = YES;
				INFOPLIST_KEY_UILaunchStoryboardName = LaunchScreen;
				INFOPLIST_KEY_UIMainStoryboardFile = Main;
				INFOPLIST_KEY_UISupportedInterfaceOrientations_iPad = "UIInterfaceOrientationPortrait UIInterfaceOrientationPortraitUpsideDown UIInterfaceOrientationLandscapeLeft UIInterfaceOrientationLandscapeRight";
				INFOPLIST_KEY_UISupportedInterfaceOrientations_iPhone = "UIInterfaceOrientationPortrait UIInterfaceOrientationLandscapeLeft UIInterfaceOrientationLandscapeRight";
				LD_RUNPATH_SEARCH_PATHS = (
					"$(inherited)",
					"@executable_path/Frameworks",
				);
				MARKETING_VERSION = 1.0;
				PRODUCT_BUNDLE_IDENTIFIER = "dev.fernandoflorez.spoonacular-ios";
				PRODUCT_NAME = "$(TARGET_NAME)";
				SWIFT_EMIT_LOC_STRINGS = YES;
				SWIFT_VERSION = 5.0;
				TARGETED_DEVICE_FAMILY = "1,2";
			};
			name = Debug;
		};
		A8ACC0E52927DFC900A2E447 /* Release */ = {
			isa = XCBuildConfiguration;
			baseConfigurationReference = 8EF5C8596D5CE030B252532B /* Pods-spoonacular-ios.release.xcconfig */;
			buildSettings = {
				ASSETCATALOG_COMPILER_APPICON_NAME = AppIcon;
				ASSETCATALOG_COMPILER_GLOBAL_ACCENT_COLOR_NAME = AccentColor;
				CODE_SIGN_STYLE = Automatic;
				CURRENT_PROJECT_VERSION = 1;
				DEVELOPMENT_TEAM = ZQAVFFZSU4;
				GENERATE_INFOPLIST_FILE = YES;
				INFOPLIST_FILE = "spoonacular-ios/Info.plist";
				INFOPLIST_KEY_UIApplicationSupportsIndirectInputEvents = YES;
				INFOPLIST_KEY_UILaunchStoryboardName = LaunchScreen;
				INFOPLIST_KEY_UIMainStoryboardFile = Main;
				INFOPLIST_KEY_UISupportedInterfaceOrientations_iPad = "UIInterfaceOrientationPortrait UIInterfaceOrientationPortraitUpsideDown UIInterfaceOrientationLandscapeLeft UIInterfaceOrientationLandscapeRight";
				INFOPLIST_KEY_UISupportedInterfaceOrientations_iPhone = "UIInterfaceOrientationPortrait UIInterfaceOrientationLandscapeLeft UIInterfaceOrientationLandscapeRight";
				LD_RUNPATH_SEARCH_PATHS = (
					"$(inherited)",
					"@executable_path/Frameworks",
				);
				MARKETING_VERSION = 1.0;
				PRODUCT_BUNDLE_IDENTIFIER = "dev.fernandoflorez.spoonacular-ios";
				PRODUCT_NAME = "$(TARGET_NAME)";
				SWIFT_EMIT_LOC_STRINGS = YES;
				SWIFT_VERSION = 5.0;
				TARGETED_DEVICE_FAMILY = "1,2";
			};
			name = Release;
		};
		A8ACC0E72927DFC900A2E447 /* Debug */ = {
			isa = XCBuildConfiguration;
			baseConfigurationReference = 851A6612CFEE7DB9D73E623E /* Pods-spoonacular-iosTests.debug.xcconfig */;
			buildSettings = {
				ALWAYS_EMBED_SWIFT_STANDARD_LIBRARIES = YES;
				BUNDLE_LOADER = "$(TEST_HOST)";
				CODE_SIGN_STYLE = Automatic;
				CURRENT_PROJECT_VERSION = 1;
				DEVELOPMENT_TEAM = ZQAVFFZSU4;
				GENERATE_INFOPLIST_FILE = YES;
				IPHONEOS_DEPLOYMENT_TARGET = 16.0;
				MARKETING_VERSION = 1.0;
				PRODUCT_BUNDLE_IDENTIFIER = "dev.fernandoflorez.spoonacular-iosTests";
				PRODUCT_NAME = "$(TARGET_NAME)";
				SWIFT_EMIT_LOC_STRINGS = NO;
				SWIFT_VERSION = 5.0;
				TARGETED_DEVICE_FAMILY = "1,2";
				TEST_HOST = "$(BUILT_PRODUCTS_DIR)/spoonacular-ios.app/$(BUNDLE_EXECUTABLE_FOLDER_PATH)/spoonacular-ios";
			};
			name = Debug;
		};
		A8ACC0E82927DFC900A2E447 /* Release */ = {
			isa = XCBuildConfiguration;
			baseConfigurationReference = 338CBC2D726E79AB28F4CE17 /* Pods-spoonacular-iosTests.release.xcconfig */;
			buildSettings = {
				ALWAYS_EMBED_SWIFT_STANDARD_LIBRARIES = YES;
				BUNDLE_LOADER = "$(TEST_HOST)";
				CODE_SIGN_STYLE = Automatic;
				CURRENT_PROJECT_VERSION = 1;
				DEVELOPMENT_TEAM = ZQAVFFZSU4;
				GENERATE_INFOPLIST_FILE = YES;
				IPHONEOS_DEPLOYMENT_TARGET = 16.0;
				MARKETING_VERSION = 1.0;
				PRODUCT_BUNDLE_IDENTIFIER = "dev.fernandoflorez.spoonacular-iosTests";
				PRODUCT_NAME = "$(TARGET_NAME)";
				SWIFT_EMIT_LOC_STRINGS = NO;
				SWIFT_VERSION = 5.0;
				TARGETED_DEVICE_FAMILY = "1,2";
				TEST_HOST = "$(BUILT_PRODUCTS_DIR)/spoonacular-ios.app/$(BUNDLE_EXECUTABLE_FOLDER_PATH)/spoonacular-ios";
			};
			name = Release;
		};
		A8ACC0EA2927DFC900A2E447 /* Debug */ = {
			isa = XCBuildConfiguration;
			baseConfigurationReference = A46594383BC1AC4364092A2D /* Pods-spoonacular-ios-spoonacular-iosUITests.debug.xcconfig */;
			buildSettings = {
				ALWAYS_EMBED_SWIFT_STANDARD_LIBRARIES = YES;
				CODE_SIGN_STYLE = Automatic;
				CURRENT_PROJECT_VERSION = 1;
				DEVELOPMENT_TEAM = ZQAVFFZSU4;
				GENERATE_INFOPLIST_FILE = YES;
				MARKETING_VERSION = 1.0;
				PRODUCT_BUNDLE_IDENTIFIER = "dev.fernandoflorez.spoonacular-iosUITests";
				PRODUCT_NAME = "$(TARGET_NAME)";
				SWIFT_EMIT_LOC_STRINGS = NO;
				SWIFT_VERSION = 5.0;
				TARGETED_DEVICE_FAMILY = "1,2";
				TEST_TARGET_NAME = "spoonacular-ios";
			};
			name = Debug;
		};
		A8ACC0EB2927DFC900A2E447 /* Release */ = {
			isa = XCBuildConfiguration;
			baseConfigurationReference = 7C0B553A06D6EF2304DF25F0 /* Pods-spoonacular-ios-spoonacular-iosUITests.release.xcconfig */;
			buildSettings = {
				ALWAYS_EMBED_SWIFT_STANDARD_LIBRARIES = YES;
				CODE_SIGN_STYLE = Automatic;
				CURRENT_PROJECT_VERSION = 1;
				DEVELOPMENT_TEAM = ZQAVFFZSU4;
				GENERATE_INFOPLIST_FILE = YES;
				MARKETING_VERSION = 1.0;
				PRODUCT_BUNDLE_IDENTIFIER = "dev.fernandoflorez.spoonacular-iosUITests";
				PRODUCT_NAME = "$(TARGET_NAME)";
				SWIFT_EMIT_LOC_STRINGS = NO;
				SWIFT_VERSION = 5.0;
				TARGETED_DEVICE_FAMILY = "1,2";
				TEST_TARGET_NAME = "spoonacular-ios";
			};
			name = Release;
		};
/* End XCBuildConfiguration section */

/* Begin XCConfigurationList section */
		A8ACC0B42927DFC400A2E447 /* Build configuration list for PBXProject "spoonacular-ios" */ = {
			isa = XCConfigurationList;
			buildConfigurations = (
				A8ACC0E12927DFC900A2E447 /* Debug */,
				A8ACC0E22927DFC900A2E447 /* Release */,
			);
			defaultConfigurationIsVisible = 0;
			defaultConfigurationName = Release;
		};
		A8ACC0E32927DFC900A2E447 /* Build configuration list for PBXNativeTarget "spoonacular-ios" */ = {
			isa = XCConfigurationList;
			buildConfigurations = (
				A8ACC0E42927DFC900A2E447 /* Debug */,
				A8ACC0E52927DFC900A2E447 /* Release */,
			);
			defaultConfigurationIsVisible = 0;
			defaultConfigurationName = Release;
		};
		A8ACC0E62927DFC900A2E447 /* Build configuration list for PBXNativeTarget "spoonacular-iosTests" */ = {
			isa = XCConfigurationList;
			buildConfigurations = (
				A8ACC0E72927DFC900A2E447 /* Debug */,
				A8ACC0E82927DFC900A2E447 /* Release */,
			);
			defaultConfigurationIsVisible = 0;
			defaultConfigurationName = Release;
		};
		A8ACC0E92927DFC900A2E447 /* Build configuration list for PBXNativeTarget "spoonacular-iosUITests" */ = {
			isa = XCConfigurationList;
			buildConfigurations = (
				A8ACC0EA2927DFC900A2E447 /* Debug */,
				A8ACC0EB2927DFC900A2E447 /* Release */,
			);
			defaultConfigurationIsVisible = 0;
			defaultConfigurationName = Release;
		};
/* End XCConfigurationList section */
	};
	rootObject = A8ACC0B12927DFC400A2E447 /* Project object */;
}
